
Microsoft Visual Studio Solution File, Format Version 12.00
# Visual Studio 15
VisualStudioVersion = 15.0.28307.902
MinimumVisualStudioVersion = 10.0.40219.1
Project("{2150E333-8FDC-42A3-9474-1A3956D46DE8}") = "Build", "Build", "{08842A01-2864-45A1-9BCB-58C2B9302AF4}"
	ProjectSection(SolutionItems) = preProject
		..\..\pipelines\azure-pipelines.yml = ..\..\pipelines\azure-pipelines.yml
	EndProjectSection
EndProject
Project("{2150E333-8FDC-42A3-9474-1A3956D46DE8}") = "Tests", "Tests", "{7049BA93-BB9C-4739-8013-F59455D83173}"
EndProject
Project("{2150E333-8FDC-42A3-9474-1A3956D46DE8}") = "Deploy", "Deploy", "{07B5133C-3432-4FDF-B1A9-A14F2BAD9D56}"
EndProject
Project("{2150E333-8FDC-42A3-9474-1A3956D46DE8}") = "Release", "Release", "{F7EB97AD-3CEE-4B99-8BA3-0AF679C2FAE8}"
	ProjectSection(SolutionItems) = preProject
		..\..\azure\template.json = ..\..\azure\template.json
	EndProjectSection
EndProject
Global
	GlobalSection(SolutionConfigurationPlatforms) = preSolution
		Debug|Any CPU = Debug|Any CPU
		Release|Any CPU = Release|Any CPU
	EndGlobalSection
	GlobalSection(ProjectConfigurationPlatforms) = postSolution
	EndGlobalSection
	GlobalSection(SolutionProperties) = preSolution
		HideSolutionNode = FALSE
	EndGlobalSection
	GlobalSection(NestedProjects) = preSolution
		{08842A01-2864-45A1-9BCB-58C2B9302AF4} = {07B5133C-3432-4FDF-B1A9-A14F2BAD9D56}
		{F7EB97AD-3CEE-4B99-8BA3-0AF679C2FAE8} = {07B5133C-3432-4FDF-B1A9-A14F2BAD9D56}
	EndGlobalSection
	GlobalSection(ExtensibilityGlobals) = postSolution
		SolutionGuid = {356C00E0-904D-48D4-B07F-85915B12516D}
	EndGlobalSection
EndGlobal
